
Microsoft Visual Studio Solution File, Format Version 12.00
# Visual Studio Version 17
VisualStudioVersion = 17.10.35013.160
MinimumVisualStudioVersion = 10.0.40219.1
Project("{FAE04EC0-301F-11D3-BF4B-00C04F79EFBC}") = "WepAPICoreTasks1", "WepAPICoreTasks1\WepAPICoreTasks1.csproj", "{938EE78E-40B7-4722-B777-963541F7D072}"
EndProject
Global
	GlobalSection(SolutionConfigurationPlatforms) = preSolution
		Debug|Any CPU = Debug|Any CPU
		Release|Any CPU = Release|Any CPU
	EndGlobalSection
	GlobalSection(ProjectConfigurationPlatforms) = postSolution
		{938EE78E-40B7-4722-B777-963541F7D072}.Debug|Any CPU.ActiveCfg = Debug|Any CPU
		{938EE78E-40B7-4722-B777-963541F7D072}.Debug|Any CPU.Build.0 = Debug|Any CPU
		{938EE78E-40B7-4722-B777-963541F7D072}.Release|Any CPU.ActiveCfg = Release|Any CPU
		{938EE78E-40B7-4722-B777-963541F7D072}.Release|Any CPU.Build.0 = Release|Any CPU
	EndGlobalSection
	GlobalSection(SolutionProperties) = preSolution
		HideSolutionNode = FALSE
	EndGlobalSection
	GlobalSection(ExtensibilityGlobals) = postSolution
		SolutionGuid = {CEA20279-14FF-46E2-90F7-209C18D42C46}
	EndGlobalSection
EndGlobal
